
Microsoft Visual Studio Solution File, Format Version 12.00
# Visual Studio Version 17
VisualStudioVersion = 17.7.34221.43
MinimumVisualStudioVersion = 10.0.40219.1
Project("{FAE04EC0-301F-11D3-BF4B-00C04F79EFBC}") = "StrutturaAlbero", "StrutturaAlbero\StrutturaAlbero.csproj", "{79919393-85EF-4B58-8C2D-06F56AC83FCF}"
EndProject
Global
	GlobalSection(SolutionConfigurationPlatforms) = preSolution
		Debug|Any CPU = Debug|Any CPU
		Release|Any CPU = Release|Any CPU
	EndGlobalSection
	GlobalSection(ProjectConfigurationPlatforms) = postSolution
		{79919393-85EF-4B58-8C2D-06F56AC83FCF}.Debug|Any CPU.ActiveCfg = Debug|Any CPU
		{79919393-85EF-4B58-8C2D-06F56AC83FCF}.Debug|Any CPU.Build.0 = Debug|Any CPU
		{79919393-85EF-4B58-8C2D-06F56AC83FCF}.Release|Any CPU.ActiveCfg = Release|Any CPU
		{79919393-85EF-4B58-8C2D-06F56AC83FCF}.Release|Any CPU.Build.0 = Release|Any CPU
	EndGlobalSection
	GlobalSection(SolutionProperties) = preSolution
		HideSolutionNode = FALSE
	EndGlobalSection
	GlobalSection(ExtensibilityGlobals) = postSolution
		SolutionGuid = {21E6DE9A-6B9C-49D6-AADF-2EBFA8416FEC}
	EndGlobalSection
EndGlobal
